
Microsoft Visual Studio Solution File, Format Version 12.00
# Visual Studio Version 17
VisualStudioVersion = 17.2.32630.192
MinimumVisualStudioVersion = 10.0.40219.1
Project("{9A19103F-16F7-4668-BE54-9A1E7A4F7556}") = "OpalTools", "OpalTools.csproj", "{3DB764D0-0598-4F0E-B528-E94041839551}"
EndProject
Global
	GlobalSection(SolutionConfigurationPlatforms) = preSolution
		Debug|Any CPU = Debug|Any CPU
		Release|Any CPU = Release|Any CPU
	EndGlobalSection
	GlobalSection(ProjectConfigurationPlatforms) = postSolution
		{3DB764D0-0598-4F0E-B528-E94041839551}.Debug|Any CPU.ActiveCfg = Debug|Any CPU
		{3DB764D0-0598-4F0E-B528-E94041839551}.Debug|Any CPU.Build.0 = Debug|Any CPU
		{3DB764D0-0598-4F0E-B528-E94041839551}.Release|Any CPU.ActiveCfg = Release|Any CPU
		{3DB764D0-0598-4F0E-B528-E94041839551}.Release|Any CPU.Build.0 = Release|Any CPU
	EndGlobalSection
	GlobalSection(SolutionProperties) = preSolution
		HideSolutionNode = FALSE
	EndGlobalSection
	GlobalSection(ExtensibilityGlobals) = postSolution
		SolutionGuid = {D480B4F0-9636-43ED-AA6B-7EAEBC8349DE}
	EndGlobalSection
EndGlobal
